
Microsoft Visual Studio Solution File, Format Version 12.00
# Visual Studio Version 17
VisualStudioVersion = 17.8.34330.188
MinimumVisualStudioVersion = 10.0.40219.1
Project("{2150E333-8FDC-42A3-9474-1A3956D46DE8}") = "Элементы решения", "Элементы решения", "{EB4C48DA-D4EA-46C6-B999-2AD97BBAD15A}"
	ProjectSection(SolutionItems) = preProject
		.gitignore = .gitignore
	EndProjectSection
EndProject
Project("{9A19103F-16F7-4668-BE54-9A1E7A4F7556}") = "FilmRaterMain", "FilmRaterMain\FilmRaterMain.csproj", "{4A038967-660F-4E93-97B3-16901488FB97}"
EndProject
Global
	GlobalSection(SolutionConfigurationPlatforms) = preSolution
		Debug|Any CPU = Debug|Any CPU
		Release|Any CPU = Release|Any CPU
	EndGlobalSection
	GlobalSection(ProjectConfigurationPlatforms) = postSolution
		{4A038967-660F-4E93-97B3-16901488FB97}.Debug|Any CPU.ActiveCfg = Debug|Any CPU
		{4A038967-660F-4E93-97B3-16901488FB97}.Debug|Any CPU.Build.0 = Debug|Any CPU
		{4A038967-660F-4E93-97B3-16901488FB97}.Release|Any CPU.ActiveCfg = Release|Any CPU
		{4A038967-660F-4E93-97B3-16901488FB97}.Release|Any CPU.Build.0 = Release|Any CPU
	EndGlobalSection
	GlobalSection(SolutionProperties) = preSolution
		HideSolutionNode = FALSE
	EndGlobalSection
	GlobalSection(ExtensibilityGlobals) = postSolution
		SolutionGuid = {DCDB5AAF-5EF1-4CBC-B2BB-07680925B507}
	EndGlobalSection
EndGlobal
