
Microsoft Visual Studio Solution File, Format Version 12.00
# Visual Studio Version 17
VisualStudioVersion = 17.5.002.0
MinimumVisualStudioVersion = 10.0.40219.1
Project("{9A19103F-16F7-4668-BE54-9A1E7A4F7556}") = "Lab3Main", "Lab3Main.csproj", "{462DC096-3253-455A-A3D3-B6318D6D748B}"
EndProject
Global
	GlobalSection(SolutionConfigurationPlatforms) = preSolution
		Debug|Any CPU = Debug|Any CPU
		Release|Any CPU = Release|Any CPU
	EndGlobalSection
	GlobalSection(ProjectConfigurationPlatforms) = postSolution
		{462DC096-3253-455A-A3D3-B6318D6D748B}.Debug|Any CPU.ActiveCfg = Debug|Any CPU
		{462DC096-3253-455A-A3D3-B6318D6D748B}.Debug|Any CPU.Build.0 = Debug|Any CPU
		{462DC096-3253-455A-A3D3-B6318D6D748B}.Release|Any CPU.ActiveCfg = Release|Any CPU
		{462DC096-3253-455A-A3D3-B6318D6D748B}.Release|Any CPU.Build.0 = Release|Any CPU
	EndGlobalSection
	GlobalSection(SolutionProperties) = preSolution
		HideSolutionNode = FALSE
	EndGlobalSection
	GlobalSection(ExtensibilityGlobals) = postSolution
		SolutionGuid = {77AB042E-EC35-46CD-A486-0C45861525FE}
	EndGlobalSection
EndGlobal
